
Microsoft Visual Studio Solution File, Format Version 12.00
# Visual Studio 15
VisualStudioVersion = 15.0.27428.2011
MinimumVisualStudioVersion = 10.0.40219.1
Project("{FAE04EC0-301F-11D3-BF4B-00C04F79EFBC}") = "AttackPrevent", "AttackPrevent\AttackPrevent.csproj", "{8FE2D3F8-8852-426C-A2D9-BC948FA525BE}"
EndProject
Project("{FAE04EC0-301F-11D3-BF4B-00C04F79EFBC}") = "AttackPrevent.WindowsService", "AttackPrevent.WindowsService\AttackPrevent.WindowsService.csproj", "{A7B3A014-E0A8-4948-B7F6-53CCA90BA83A}"
EndProject
Project("{FAE04EC0-301F-11D3-BF4B-00C04F79EFBC}") = "AttackPrevent.Access", "AttackPrevent.Access\AttackPrevent.Access.csproj", "{9F5700AF-BE6A-4AD1-BE92-ABF6CACC151B}"
EndProject
Project("{FAE04EC0-301F-11D3-BF4B-00C04F79EFBC}") = "AttackPrevent.Business", "AttackPrevent.Business\AttackPrevent.Business.csproj", "{4FF09FC1-3586-452A-BB10-1EF3200BB508}"
EndProject
Project("{FAE04EC0-301F-11D3-BF4B-00C04F79EFBC}") = "AttackPrevent.Model", "AttackPrevent.Model\AttackPrevent.Model.csproj", "{4EAC386C-FFC3-4F95-ACCD-FF352D0DF1E3}"
EndProject
Project("{FAE04EC0-301F-11D3-BF4B-00C04F79EFBC}") = "AttackPrevent.IISlogger", "AttackPrevent.IISlogger\AttackPrevent.IISlogger.csproj", "{2DF4BA24-8855-4DFD-B57F-4170367C20DB}"
EndProject
Project("{FAE04EC0-301F-11D3-BF4B-00C04F79EFBC}") = "AttackPreventAnalyzeEtwApi", "AttackPreventAnalyzeEtwApi\AttackPreventAnalyzeEtwApi.csproj", "{CE6FAFB2-AB09-45F6-9BFF-F9F75999CC78}"
EndProject
Project("{FAE04EC0-301F-11D3-BF4B-00C04F79EFBC}") = "AttackPreventAwsApi", "AttackPreventAwsApi\AttackPreventAwsApi.csproj", "{DB6CD5FB-60D2-45B8-82DA-5347394C4A07}"
EndProject
Global
	GlobalSection(SolutionConfigurationPlatforms) = preSolution
		Debug|Any CPU = Debug|Any CPU
		Release|Any CPU = Release|Any CPU
	EndGlobalSection
	GlobalSection(ProjectConfigurationPlatforms) = postSolution
		{8FE2D3F8-8852-426C-A2D9-BC948FA525BE}.Debug|Any CPU.ActiveCfg = Debug|Any CPU
		{8FE2D3F8-8852-426C-A2D9-BC948FA525BE}.Debug|Any CPU.Build.0 = Debug|Any CPU
		{8FE2D3F8-8852-426C-A2D9-BC948FA525BE}.Release|Any CPU.ActiveCfg = Release|Any CPU
		{8FE2D3F8-8852-426C-A2D9-BC948FA525BE}.Release|Any CPU.Build.0 = Release|Any CPU
		{A7B3A014-E0A8-4948-B7F6-53CCA90BA83A}.Debug|Any CPU.ActiveCfg = Debug|Any CPU
		{A7B3A014-E0A8-4948-B7F6-53CCA90BA83A}.Debug|Any CPU.Build.0 = Debug|Any CPU
		{A7B3A014-E0A8-4948-B7F6-53CCA90BA83A}.Release|Any CPU.ActiveCfg = Release|Any CPU
		{A7B3A014-E0A8-4948-B7F6-53CCA90BA83A}.Release|Any CPU.Build.0 = Release|Any CPU
		{9F5700AF-BE6A-4AD1-BE92-ABF6CACC151B}.Debug|Any CPU.ActiveCfg = Debug|Any CPU
		{9F5700AF-BE6A-4AD1-BE92-ABF6CACC151B}.Debug|Any CPU.Build.0 = Debug|Any CPU
		{9F5700AF-BE6A-4AD1-BE92-ABF6CACC151B}.Release|Any CPU.ActiveCfg = Release|Any CPU
		{9F5700AF-BE6A-4AD1-BE92-ABF6CACC151B}.Release|Any CPU.Build.0 = Release|Any CPU
		{4FF09FC1-3586-452A-BB10-1EF3200BB508}.Debug|Any CPU.ActiveCfg = Debug|Any CPU
		{4FF09FC1-3586-452A-BB10-1EF3200BB508}.Debug|Any CPU.Build.0 = Debug|Any CPU
		{4FF09FC1-3586-452A-BB10-1EF3200BB508}.Release|Any CPU.ActiveCfg = Release|Any CPU
		{4FF09FC1-3586-452A-BB10-1EF3200BB508}.Release|Any CPU.Build.0 = Release|Any CPU
		{4EAC386C-FFC3-4F95-ACCD-FF352D0DF1E3}.Debug|Any CPU.ActiveCfg = Debug|Any CPU
		{4EAC386C-FFC3-4F95-ACCD-FF352D0DF1E3}.Debug|Any CPU.Build.0 = Debug|Any CPU
		{4EAC386C-FFC3-4F95-ACCD-FF352D0DF1E3}.Release|Any CPU.ActiveCfg = Release|Any CPU
		{4EAC386C-FFC3-4F95-ACCD-FF352D0DF1E3}.Release|Any CPU.Build.0 = Release|Any CPU
		{2DF4BA24-8855-4DFD-B57F-4170367C20DB}.Debug|Any CPU.ActiveCfg = Debug|Any CPU
		{2DF4BA24-8855-4DFD-B57F-4170367C20DB}.Debug|Any CPU.Build.0 = Debug|Any CPU
		{2DF4BA24-8855-4DFD-B57F-4170367C20DB}.Release|Any CPU.ActiveCfg = Release|Any CPU
		{2DF4BA24-8855-4DFD-B57F-4170367C20DB}.Release|Any CPU.Build.0 = Release|Any CPU
		{CE6FAFB2-AB09-45F6-9BFF-F9F75999CC78}.Debug|Any CPU.ActiveCfg = Debug|Any CPU
		{CE6FAFB2-AB09-45F6-9BFF-F9F75999CC78}.Debug|Any CPU.Build.0 = Debug|Any CPU
		{CE6FAFB2-AB09-45F6-9BFF-F9F75999CC78}.Release|Any CPU.ActiveCfg = Release|Any CPU
		{CE6FAFB2-AB09-45F6-9BFF-F9F75999CC78}.Release|Any CPU.Build.0 = Release|Any CPU
		{DB6CD5FB-60D2-45B8-82DA-5347394C4A07}.Debug|Any CPU.ActiveCfg = Debug|Any CPU
		{DB6CD5FB-60D2-45B8-82DA-5347394C4A07}.Debug|Any CPU.Build.0 = Debug|Any CPU
		{DB6CD5FB-60D2-45B8-82DA-5347394C4A07}.Release|Any CPU.ActiveCfg = Release|Any CPU
		{DB6CD5FB-60D2-45B8-82DA-5347394C4A07}.Release|Any CPU.Build.0 = Release|Any CPU
	EndGlobalSection
	GlobalSection(SolutionProperties) = preSolution
		HideSolutionNode = FALSE
	EndGlobalSection
	GlobalSection(ExtensibilityGlobals) = postSolution
		SolutionGuid = {DFA0F29F-53B8-4855-AAE6-40DFC4A98394}
	EndGlobalSection
EndGlobal
